
Microsoft Visual Studio Solution File, Format Version 12.00
# Visual Studio Version 17
VisualStudioVersion = 17.5.33516.290
MinimumVisualStudioVersion = 10.0.40219.1
Project("{FAE04EC0-301F-11D3-BF4B-00C04F79EFBC}") = "FunctionApp", "FunctionApp\FunctionApp.csproj", "{BDDEB64D-20D7-4692-AD0B-75733665D385}"
EndProject
Global
	GlobalSection(SolutionConfigurationPlatforms) = preSolution
		Debug|Any CPU = Debug|Any CPU
		Release|Any CPU = Release|Any CPU
	EndGlobalSection
	GlobalSection(ProjectConfigurationPlatforms) = postSolution
		{BDDEB64D-20D7-4692-AD0B-75733665D385}.Debug|Any CPU.ActiveCfg = Debug|Any CPU
		{BDDEB64D-20D7-4692-AD0B-75733665D385}.Debug|Any CPU.Build.0 = Debug|Any CPU
		{BDDEB64D-20D7-4692-AD0B-75733665D385}.Release|Any CPU.ActiveCfg = Release|Any CPU
		{BDDEB64D-20D7-4692-AD0B-75733665D385}.Release|Any CPU.Build.0 = Release|Any CPU
	EndGlobalSection
	GlobalSection(SolutionProperties) = preSolution
		HideSolutionNode = FALSE
	EndGlobalSection
	GlobalSection(ExtensibilityGlobals) = postSolution
		SolutionGuid = {118DD4C0-CA43-4947-A2AD-EE601F5E1BC1}
	EndGlobalSection
EndGlobal

//check12
